{
  "name": "b6-server",
  "version": "0.0.1",
  "lockfileVersion": 3,
  "requires": true,
  "packages": {
    "": {
      "name": "b6-server",
      "version": "0.0.1",
      "dependencies": {
        "@builder6/node-red": "latest",
        "lodash": "latest"
      }
    },
    "node_modules/@builder6/node-red": {
      "version": "0.0.3",
      "resolved": "https://registry.npmmirror.com/@builder6/node-red/-/node-red-0.0.3.tgz",
      "integrity": "sha512-if6feW6+umj8cvjfuuZQBcCTHLqZt/5V1WVfzolbYIZ2RTF75nDn843QXltcskyHQRkm7+zYPovwZBITg6/dYg==",
      "license": "MIT"
    },
    "node_modules/lodash": {
      "version": "4.17.21",
      "resolved": "https://registry.npmmirror.com/lodash/-/lodash-4.17.21.tgz",
      "integrity": "sha512-v2kDEe57lecTulaDIuNTPy3Ry4gLGJ6Z1O3vE1krgXZNrsQ+LFTGHVxVjcXPs17LhbZVGedAJv8XZ1tvj5FvSg==",
      "license": "MIT"
    }
  }
}
